
Microsoft Visual Studio Solution File, Format Version 12.00
# Visual Studio Version 16
VisualStudioVersion = 16.0.30907.101
MinimumVisualStudioVersion = 10.0.40219.1
Project("{FAE04EC0-301F-11D3-BF4B-00C04F79EFBC}") = "ApiWeather", "ApiWeather\ApiWeather.csproj", "{6753E964-CF13-46C8-936A-F515F1205497}"
EndProject
Project("{FAE04EC0-301F-11D3-BF4B-00C04F79EFBC}") = "XUnitApiWeatherTest", "XUnitApiWeatherTest\XUnitApiWeatherTest.csproj", "{80A14630-D57B-499E-9D6D-262F20439983}"
EndProject
Global
	GlobalSection(SolutionConfigurationPlatforms) = preSolution
		Debug|Any CPU = Debug|Any CPU
		Release|Any CPU = Release|Any CPU
	EndGlobalSection
	GlobalSection(ProjectConfigurationPlatforms) = postSolution
		{6753E964-CF13-46C8-936A-F515F1205497}.Debug|Any CPU.ActiveCfg = Debug|Any CPU
		{6753E964-CF13-46C8-936A-F515F1205497}.Debug|Any CPU.Build.0 = Debug|Any CPU
		{6753E964-CF13-46C8-936A-F515F1205497}.Release|Any CPU.ActiveCfg = Release|Any CPU
		{6753E964-CF13-46C8-936A-F515F1205497}.Release|Any CPU.Build.0 = Release|Any CPU
		{80A14630-D57B-499E-9D6D-262F20439983}.Debug|Any CPU.ActiveCfg = Debug|Any CPU
		{80A14630-D57B-499E-9D6D-262F20439983}.Debug|Any CPU.Build.0 = Debug|Any CPU
		{80A14630-D57B-499E-9D6D-262F20439983}.Release|Any CPU.ActiveCfg = Release|Any CPU
		{80A14630-D57B-499E-9D6D-262F20439983}.Release|Any CPU.Build.0 = Release|Any CPU
	EndGlobalSection
	GlobalSection(SolutionProperties) = preSolution
		HideSolutionNode = FALSE
	EndGlobalSection
	GlobalSection(ExtensibilityGlobals) = postSolution
		SolutionGuid = {DE4D34F3-435F-4F0D-98CC-6CE639BAFCF7}
	EndGlobalSection
EndGlobal
